
Microsoft Visual Studio Solution File, Format Version 12.00
# Visual Studio Version 16
VisualStudioVersion = 16.0.30611.23
MinimumVisualStudioVersion = 10.0.40219.1
Project("{FAE04EC0-301F-11D3-BF4B-00C04F79EFBC}") = "Welcome Screen", "Welcome Screen\Welcome Screen.csproj", "{B9C41EF8-6F8E-4829-997E-BD2E2EF0E02C}"
EndProject
Global
	GlobalSection(SolutionConfigurationPlatforms) = preSolution
		Debug|Any CPU = Debug|Any CPU
		Release|Any CPU = Release|Any CPU
	EndGlobalSection
	GlobalSection(ProjectConfigurationPlatforms) = postSolution
		{B9C41EF8-6F8E-4829-997E-BD2E2EF0E02C}.Debug|Any CPU.ActiveCfg = Debug|Any CPU
		{B9C41EF8-6F8E-4829-997E-BD2E2EF0E02C}.Debug|Any CPU.Build.0 = Debug|Any CPU
		{B9C41EF8-6F8E-4829-997E-BD2E2EF0E02C}.Release|Any CPU.ActiveCfg = Release|Any CPU
		{B9C41EF8-6F8E-4829-997E-BD2E2EF0E02C}.Release|Any CPU.Build.0 = Release|Any CPU
	EndGlobalSection
	GlobalSection(SolutionProperties) = preSolution
		HideSolutionNode = FALSE
	EndGlobalSection
	GlobalSection(ExtensibilityGlobals) = postSolution
		SolutionGuid = {12DDF94A-3C6A-480F-BB76-012BE5357F4B}
	EndGlobalSection
EndGlobal
