
Microsoft Visual Studio Solution File, Format Version 12.00
# Visual Studio Version 16
VisualStudioVersion = 16.0.30711.63
MinimumVisualStudioVersion = 10.0.40219.1
Project("{FAE04EC0-301F-11D3-BF4B-00C04F79EFBC}") = "Assignment214", "Assignment214\Assignment214.csproj", "{2B27454A-C4C6-4200-B3EE-D37C2AA14286}"
EndProject
Global
	GlobalSection(SolutionConfigurationPlatforms) = preSolution
		Debug|Any CPU = Debug|Any CPU
		Release|Any CPU = Release|Any CPU
	EndGlobalSection
	GlobalSection(ProjectConfigurationPlatforms) = postSolution
		{2B27454A-C4C6-4200-B3EE-D37C2AA14286}.Debug|Any CPU.ActiveCfg = Debug|Any CPU
		{2B27454A-C4C6-4200-B3EE-D37C2AA14286}.Debug|Any CPU.Build.0 = Debug|Any CPU
		{2B27454A-C4C6-4200-B3EE-D37C2AA14286}.Release|Any CPU.ActiveCfg = Release|Any CPU
		{2B27454A-C4C6-4200-B3EE-D37C2AA14286}.Release|Any CPU.Build.0 = Release|Any CPU
	EndGlobalSection
	GlobalSection(SolutionProperties) = preSolution
		HideSolutionNode = FALSE
	EndGlobalSection
	GlobalSection(ExtensibilityGlobals) = postSolution
		SolutionGuid = {CB9DE372-6DD8-45BD-854D-41B679F9F7F0}
	EndGlobalSection
EndGlobal
