
Microsoft Visual Studio Solution File, Format Version 12.00
# Visual Studio Version 16
VisualStudioVersion = 16.0.30711.63
MinimumVisualStudioVersion = 10.0.40219.1
Project("{FAE04EC0-301F-11D3-BF4B-00C04F79EFBC}") = "TwentyOne", "TwentyOne\TwentyOne.csproj", "{6C0933A3-3CAF-4CEB-AA62-1A7255EBEE61}"
EndProject
Global
	GlobalSection(SolutionConfigurationPlatforms) = preSolution
		Debug|Any CPU = Debug|Any CPU
		Release|Any CPU = Release|Any CPU
	EndGlobalSection
	GlobalSection(ProjectConfigurationPlatforms) = postSolution
		{6C0933A3-3CAF-4CEB-AA62-1A7255EBEE61}.Debug|Any CPU.ActiveCfg = Debug|Any CPU
		{6C0933A3-3CAF-4CEB-AA62-1A7255EBEE61}.Debug|Any CPU.Build.0 = Debug|Any CPU
		{6C0933A3-3CAF-4CEB-AA62-1A7255EBEE61}.Release|Any CPU.ActiveCfg = Release|Any CPU
		{6C0933A3-3CAF-4CEB-AA62-1A7255EBEE61}.Release|Any CPU.Build.0 = Release|Any CPU
	EndGlobalSection
	GlobalSection(SolutionProperties) = preSolution
		HideSolutionNode = FALSE
	EndGlobalSection
	GlobalSection(ExtensibilityGlobals) = postSolution
		SolutionGuid = {3D1203E2-0EA5-49CB-8FA7-F1681ED602EC}
	EndGlobalSection
EndGlobal
