
Microsoft Visual Studio Solution File, Format Version 12.00
# Visual Studio Version 16
VisualStudioVersion = 16.0.30523.141
MinimumVisualStudioVersion = 10.0.40219.1
Project("{FAE04EC0-301F-11D3-BF4B-00C04F79EFBC}") = "String Functions", "String Functions\String Functions.csproj", "{C035DE1A-F04F-456C-B42A-4A26F2409433}"
EndProject
Global
	GlobalSection(SolutionConfigurationPlatforms) = preSolution
		Debug|Any CPU = Debug|Any CPU
		Release|Any CPU = Release|Any CPU
	EndGlobalSection
	GlobalSection(ProjectConfigurationPlatforms) = postSolution
		{C035DE1A-F04F-456C-B42A-4A26F2409433}.Debug|Any CPU.ActiveCfg = Debug|Any CPU
		{C035DE1A-F04F-456C-B42A-4A26F2409433}.Debug|Any CPU.Build.0 = Debug|Any CPU
		{C035DE1A-F04F-456C-B42A-4A26F2409433}.Release|Any CPU.ActiveCfg = Release|Any CPU
		{C035DE1A-F04F-456C-B42A-4A26F2409433}.Release|Any CPU.Build.0 = Release|Any CPU
	EndGlobalSection
	GlobalSection(SolutionProperties) = preSolution
		HideSolutionNode = FALSE
	EndGlobalSection
	GlobalSection(ExtensibilityGlobals) = postSolution
		SolutionGuid = {5243992E-3591-46A7-8FDC-8FE9EDA86488}
	EndGlobalSection
EndGlobal
