
Microsoft Visual Studio Solution File, Format Version 12.00
# Visual Studio Version 16
VisualStudioVersion = 16.0.30711.63
MinimumVisualStudioVersion = 10.0.40219.1
Project("{FAE04EC0-301F-11D3-BF4B-00C04F79EFBC}") = "AssignmentPG223", "AssignmentPG223\AssignmentPG223.csproj", "{5E5F94B6-0A42-40F1-93BE-8B8E7605BB0E}"
EndProject
Global
	GlobalSection(SolutionConfigurationPlatforms) = preSolution
		Debug|Any CPU = Debug|Any CPU
		Release|Any CPU = Release|Any CPU
	EndGlobalSection
	GlobalSection(ProjectConfigurationPlatforms) = postSolution
		{5E5F94B6-0A42-40F1-93BE-8B8E7605BB0E}.Debug|Any CPU.ActiveCfg = Debug|Any CPU
		{5E5F94B6-0A42-40F1-93BE-8B8E7605BB0E}.Debug|Any CPU.Build.0 = Debug|Any CPU
		{5E5F94B6-0A42-40F1-93BE-8B8E7605BB0E}.Release|Any CPU.ActiveCfg = Release|Any CPU
		{5E5F94B6-0A42-40F1-93BE-8B8E7605BB0E}.Release|Any CPU.Build.0 = Release|Any CPU
	EndGlobalSection
	GlobalSection(SolutionProperties) = preSolution
		HideSolutionNode = FALSE
	EndGlobalSection
	GlobalSection(ExtensibilityGlobals) = postSolution
		SolutionGuid = {BD2AB283-2872-4ABF-B5C3-1474E8DA8643}
	EndGlobalSection
EndGlobal
