
Microsoft Visual Studio Solution File, Format Version 12.00
# Visual Studio Version 16
VisualStudioVersion = 16.0.30611.23
MinimumVisualStudioVersion = 10.0.40219.1
Project("{FAE04EC0-301F-11D3-BF4B-00C04F79EFBC}") = "Branching Assignment", "Branching Assignment\Branching Assignment.csproj", "{BCA25228-CE3E-464D-94DD-AFADBC2C7842}"
EndProject
Global
	GlobalSection(SolutionConfigurationPlatforms) = preSolution
		Debug|Any CPU = Debug|Any CPU
		Release|Any CPU = Release|Any CPU
	EndGlobalSection
	GlobalSection(ProjectConfigurationPlatforms) = postSolution
		{BCA25228-CE3E-464D-94DD-AFADBC2C7842}.Debug|Any CPU.ActiveCfg = Debug|Any CPU
		{BCA25228-CE3E-464D-94DD-AFADBC2C7842}.Debug|Any CPU.Build.0 = Debug|Any CPU
		{BCA25228-CE3E-464D-94DD-AFADBC2C7842}.Release|Any CPU.ActiveCfg = Release|Any CPU
		{BCA25228-CE3E-464D-94DD-AFADBC2C7842}.Release|Any CPU.Build.0 = Release|Any CPU
	EndGlobalSection
	GlobalSection(SolutionProperties) = preSolution
		HideSolutionNode = FALSE
	EndGlobalSection
	GlobalSection(ExtensibilityGlobals) = postSolution
		SolutionGuid = {3604C29E-AF2B-4331-B77E-E49FB16AE839}
	EndGlobalSection
EndGlobal
