
Microsoft Visual Studio Solution File, Format Version 12.00
# Visual Studio Version 16
VisualStudioVersion = 16.0.30523.141
MinimumVisualStudioVersion = 10.0.40219.1
Project("{FAE04EC0-301F-11D3-BF4B-00C04F79EFBC}") = "Array Assignment 2", "Array Assignment 2\Array Assignment 2.csproj", "{590D22FD-61BF-47AA-9542-F97E008C9127}"
EndProject
Global
	GlobalSection(SolutionConfigurationPlatforms) = preSolution
		Debug|Any CPU = Debug|Any CPU
		Release|Any CPU = Release|Any CPU
	EndGlobalSection
	GlobalSection(ProjectConfigurationPlatforms) = postSolution
		{590D22FD-61BF-47AA-9542-F97E008C9127}.Debug|Any CPU.ActiveCfg = Debug|Any CPU
		{590D22FD-61BF-47AA-9542-F97E008C9127}.Debug|Any CPU.Build.0 = Debug|Any CPU
		{590D22FD-61BF-47AA-9542-F97E008C9127}.Release|Any CPU.ActiveCfg = Release|Any CPU
		{590D22FD-61BF-47AA-9542-F97E008C9127}.Release|Any CPU.Build.0 = Release|Any CPU
	EndGlobalSection
	GlobalSection(SolutionProperties) = preSolution
		HideSolutionNode = FALSE
	EndGlobalSection
	GlobalSection(ExtensibilityGlobals) = postSolution
		SolutionGuid = {2193E214-BE86-46E9-9480-A9DB4AAB45A0}
	EndGlobalSection
EndGlobal
